
Microsoft Visual Studio Solution File, Format Version 12.00
# Visual Studio 15
VisualStudioVersion = 15.0.26430.14
MinimumVisualStudioVersion = 10.0.40219.1
Project("{FAE04EC0-301F-11D3-BF4B-00C04F79EFBC}") = "WpfDyn", "WpfDyn\WpfDyn.csproj", "{07AE7769-804C-4F31-ABE8-2F4CED943EB6}"
EndProject
Project("{FAE04EC0-301F-11D3-BF4B-00C04F79EFBC}") = "ClassLotto", "ClassLotto\ClassLotto.csproj", "{A4F887E0-9686-49A1-A4CA-190B54D0A869}"
EndProject
Global
	GlobalSection(SolutionConfigurationPlatforms) = preSolution
		Debug|Any CPU = Debug|Any CPU
		Release|Any CPU = Release|Any CPU
	EndGlobalSection
	GlobalSection(ProjectConfigurationPlatforms) = postSolution
		{07AE7769-804C-4F31-ABE8-2F4CED943EB6}.Debug|Any CPU.ActiveCfg = Debug|Any CPU
		{07AE7769-804C-4F31-ABE8-2F4CED943EB6}.Debug|Any CPU.Build.0 = Debug|Any CPU
		{07AE7769-804C-4F31-ABE8-2F4CED943EB6}.Release|Any CPU.ActiveCfg = Release|Any CPU
		{07AE7769-804C-4F31-ABE8-2F4CED943EB6}.Release|Any CPU.Build.0 = Release|Any CPU
		{A4F887E0-9686-49A1-A4CA-190B54D0A869}.Debug|Any CPU.ActiveCfg = Debug|Any CPU
		{A4F887E0-9686-49A1-A4CA-190B54D0A869}.Debug|Any CPU.Build.0 = Debug|Any CPU
		{A4F887E0-9686-49A1-A4CA-190B54D0A869}.Release|Any CPU.ActiveCfg = Release|Any CPU
		{A4F887E0-9686-49A1-A4CA-190B54D0A869}.Release|Any CPU.Build.0 = Release|Any CPU
	EndGlobalSection
	GlobalSection(SolutionProperties) = preSolution
		HideSolutionNode = FALSE
	EndGlobalSection
EndGlobal
